{
  "originHash" : "f9b5a47afb7cc06d63a53723bae2da1e9d5ee98e958f3a2bfeb1777edc5ea0ae",
  "pins" : [
    {
      "identity" : "snapshots-kit-ios",
      "kind" : "remoteSourceControl",
      "location" : "https://github.com/salute-developers/snapshots-kit-ios",
      "state" : {
        "revision" : "25bfabac78ff799598726da61fbe5efec9fcda0d",
        "version" : "1.1.0"
      }
    },
    {
      "identity" : "swift-syntax",
      "kind" : "remoteSourceControl",
      "location" : "https://github.com/swiftlang/swift-syntax.git",
      "state" : {
        "revision" : "f99ae8aa18f0cf0d53481901f88a0991dc3bd4a2",
        "version" : "601.0.1"
      }
    }
  ],
  "version" : 3
}
