// !$*UTF8*$!
{
	archiveVersion = 1;
	classes = {
	};
	objectVersion = 70;
	objects = {

/* Begin PBXAggregateTarget section */
		818355B12EB2AF4000610A9A /* Build Static Dependencies */ = {
			isa = PBXAggregateTarget;
			buildConfigurationList = 818355B22EB2AF4000610A9A /* Build configuration list for PBXAggregateTarget "Build Static Dependencies" */;
			buildPhases = (
				818355B52EB2AF4C00610A9A /* ShellScript */,
			);
			dependencies = (
			);
			name = "Build Static Dependencies";
			packageProductDependencies = (
			);
			productName = "Build Static Dependencies";
		};
/* End PBXAggregateTarget section */

/* Begin PBXBuildFile section */
		24C1540A2BB3020B00963FAA /* Assets.xcassets in Resources */ = {isa = PBXBuildFile; fileRef = 24C154092BB3020B00963FAA /* Assets.xcassets */; };
		24C1540D2BB3020B00963FAA /* Preview Assets.xcassets in Resources */ = {isa = PBXBuildFile; fileRef = 24C1540C2BB3020B00963FAA /* Preview Assets.xcassets */; };
		24C154172BB3020B00963FAA /* PlasmaDemoAppTests.swift in Sources */ = {isa = PBXBuildFile; fileRef = 24C154162BB3020B00963FAA /* PlasmaDemoAppTests.swift */; };
		69A261FA2D75AF91005E4328 /* SDDSComponents in Frameworks */ = {isa = PBXBuildFile; productRef = 8178A7762C74ABDA00DFDA61 /* SDDSComponents */; };
		69A261FB2D75AF91005E4328 /* SDDSComponents in Frameworks */ = {isa = PBXBuildFile; productRef = 816C62982CB80E0C00352891 /* SDDSComponents */; };
		69A261FC2D75AF91005E4328 /* SDDSComponents in Frameworks */ = {isa = PBXBuildFile; productRef = 819A382B2CC6926300A1377F /* SDDSComponents */; };
		69A261FD2D75AF91005E4328 /* SDDSComponents in Frameworks */ = {isa = PBXBuildFile; productRef = 819A38302CC692BD00A1377F /* SDDSComponents */; };
		69A261FE2D75AF91005E4328 /* SDDSComponents in Frameworks */ = {isa = PBXBuildFile; productRef = 8104243F2CFDB8E10009B6E9 /* SDDSComponents */; };
		69A261FF2D75AF91005E4328 /* SDDSComponents in Frameworks */ = {isa = PBXBuildFile; productRef = 8183456A2CFDBAF30081113B /* SDDSComponents */; };
		8104243D2CFDB83F0009B6E9 /* SDDSServTheme in Frameworks */ = {isa = PBXBuildFile; productRef = 8104243C2CFDB83F0009B6E9 /* SDDSServTheme */; };
		8127A0832E0ABD1700B320D1 /* SDSnapshots in Frameworks */ = {isa = PBXBuildFile; productRef = 8127A0822E0ABD1700B320D1 /* SDSnapshots */; };
		8159F72C2C5CFDCF00622836 /* SDDSThemeCore in Frameworks */ = {isa = PBXBuildFile; productRef = 8159F72B2C5CFDCF00622836 /* SDDSThemeCore */; };
		816174E12E38EAE8003C1071 /* PlasmaHomeDSTheme in Frameworks */ = {isa = PBXBuildFile; productRef = 816174E02E38EAE8003C1071 /* PlasmaHomeDSTheme */; };
		8166B44D2D5C7E6B0044A680 /* PlasmaB2CTheme in Frameworks */ = {isa = PBXBuildFile; productRef = 8166B44C2D5C7E6B0044A680 /* PlasmaB2CTheme */; };
		8166B46B2D5C7EEA0044A680 /* StylesSaluteTheme in Frameworks */ = {isa = PBXBuildFile; productRef = 8166B46A2D5C7EEA0044A680 /* StylesSaluteTheme */; };
		816C629E2CB80E2E00352891 /* SDDSComponents in Frameworks */ = {isa = PBXBuildFile; productRef = 816C629D2CB80E2E00352891 /* SDDSComponents */; };
		8183D87F2EB2A92800610A9A /* PlasmaB2CTheme.xcframework in Frameworks */ = {isa = PBXBuildFile; fileRef = 8183D87B2EB2A92800610A9A /* PlasmaB2CTheme.xcframework */; };
		8183D8812EB2A92800610A9A /* PlasmaHomeDSTheme.xcframework in Frameworks */ = {isa = PBXBuildFile; fileRef = 8183D87C2EB2A92800610A9A /* PlasmaHomeDSTheme.xcframework */; };
		8183D8832EB2A92800610A9A /* SDDSServTheme.xcframework in Frameworks */ = {isa = PBXBuildFile; fileRef = 8183D87D2EB2A92800610A9A /* SDDSServTheme.xcframework */; };
		8183D8852EB2A92800610A9A /* StylesSaluteTheme.xcframework in Frameworks */ = {isa = PBXBuildFile; fileRef = 8183D87E2EB2A92800610A9A /* StylesSaluteTheme.xcframework */; };
		8183D8882EB2A93A00610A9A /* SDDSComponents.xcframework in Frameworks */ = {isa = PBXBuildFile; fileRef = 81D2B19D2C32B59900CAA7FD /* SDDSComponents.xcframework */; };
		8183D88C2EB2A93B00610A9A /* SDDSIcons.xcframework in Frameworks */ = {isa = PBXBuildFile; fileRef = 8183D88B2EB2A93B00610A9A /* SDDSIcons.xcframework */; };
		8183D88D2EB2A93B00610A9A /* SDDSIcons.xcframework in Embed Frameworks */ = {isa = PBXBuildFile; fileRef = 8183D88B2EB2A93B00610A9A /* SDDSIcons.xcframework */; settings = {ATTRIBUTES = (CodeSignOnCopy, RemoveHeadersOnCopy, ); }; };
		8183D88F2EB2A95500610A9A /* SDDSThemeCore.xcframework in Frameworks */ = {isa = PBXBuildFile; fileRef = 8183D88E2EB2A95500610A9A /* SDDSThemeCore.xcframework */; };
		81A0795F2DA6706500260DC9 /* SDDSComponents in Frameworks */ = {isa = PBXBuildFile; productRef = 81A0795E2DA6706500260DC9 /* SDDSComponents */; };
		81A079622DA6707100260DC9 /* SDDSThemeCore in Frameworks */ = {isa = PBXBuildFile; productRef = 81A079612DA6707100260DC9 /* SDDSThemeCore */; };
		81CA2C542CC69549002AF2DF /* SDDSComponents in Frameworks */ = {isa = PBXBuildFile; productRef = 81CA2C532CC69549002AF2DF /* SDDSComponents */; };
		81F2E52E2DF98A9400708B40 /* TextFieldTestCases.swift in Sources */ = {isa = PBXBuildFile; fileRef = 81F2E52C2DF98A9400708B40 /* TextFieldTestCases.swift */; };
		D3B8C9ED2DAE587300E5FEE6 /* SDSnapshots in Frameworks */ = {isa = PBXBuildFile; productRef = D3B8C9EC2DAE587300E5FEE6 /* SDSnapshots */; };
/* End PBXBuildFile section */

/* Begin PBXContainerItemProxy section */
		24C154132BB3020B00963FAA /* PBXContainerItemProxy */ = {
			isa = PBXContainerItemProxy;
			containerPortal = 24C153FA2BB3020A00963FAA /* Project object */;
			proxyType = 1;
			remoteGlobalIDString = 24C154012BB3020A00963FAA;
			remoteInfo = PlasmaDemoApp;
		};
/* End PBXContainerItemProxy section */

/* Begin PBXCopyFilesBuildPhase section */
		8101F6E92D78377C004ED8A3 /* Embed Frameworks */ = {
			isa = PBXCopyFilesBuildPhase;
			buildActionMask = 2147483647;
			dstPath = "";
			dstSubfolderSpec = 10;
			files = (
			);
			name = "Embed Frameworks";
			runOnlyForDeploymentPostprocessing = 0;
		};
		8183D88A2EB2A93A00610A9A /* Embed Frameworks */ = {
			isa = PBXCopyFilesBuildPhase;
			buildActionMask = 2147483647;
			dstPath = "";
			dstSubfolderSpec = 10;
			files = (
				8183D88D2EB2A93B00610A9A /* SDDSIcons.xcframework in Embed Frameworks */,
			);
			name = "Embed Frameworks";
			runOnlyForDeploymentPostprocessing = 0;
		};
/* End PBXCopyFilesBuildPhase section */

/* Begin PBXFileReference section */
		24C154022BB3020A00963FAA /* SDDSDemoApp.app */ = {isa = PBXFileReference; explicitFileType = wrapper.application; includeInIndex = 0; path = SDDSDemoApp.app; sourceTree = BUILT_PRODUCTS_DIR; };
		24C154092BB3020B00963FAA /* Assets.xcassets */ = {isa = PBXFileReference; lastKnownFileType = folder.assetcatalog; path = Assets.xcassets; sourceTree = "<group>"; };
		24C1540C2BB3020B00963FAA /* Preview Assets.xcassets */ = {isa = PBXFileReference; lastKnownFileType = folder.assetcatalog; path = "Preview Assets.xcassets"; sourceTree = "<group>"; };
		24C154122BB3020B00963FAA /* SDDSDemoAppTests.xctest */ = {isa = PBXFileReference; explicitFileType = wrapper.cfbundle; includeInIndex = 0; path = SDDSDemoAppTests.xctest; sourceTree = BUILT_PRODUCTS_DIR; };
		24C154162BB3020B00963FAA /* PlasmaDemoAppTests.swift */ = {isa = PBXFileReference; lastKnownFileType = sourcecode.swift; path = PlasmaDemoAppTests.swift; sourceTree = "<group>"; };
		694C288A2D89BC9A00D7F341 /* Info.plist */ = {isa = PBXFileReference; lastKnownFileType = text.plist; path = Info.plist; sourceTree = "<group>"; };
		811170EF2E7B269F0063A7EB /* SDDSDemoAppTests.xctestplan */ = {isa = PBXFileReference; lastKnownFileType = text; path = SDDSDemoAppTests.xctestplan; sourceTree = "<group>"; };
		817D9F152C370676006C4814 /* SDDSComponents.framework */ = {isa = PBXFileReference; explicitFileType = wrapper.framework; path = SDDSComponents.framework; sourceTree = BUILT_PRODUCTS_DIR; };
		8183D86D2EB2A91400610A9A /* SDDSDemoAppStatic.app */ = {isa = PBXFileReference; explicitFileType = wrapper.application; includeInIndex = 0; path = SDDSDemoAppStatic.app; sourceTree = BUILT_PRODUCTS_DIR; };
		8183D87B2EB2A92800610A9A /* PlasmaB2CTheme.xcframework */ = {isa = PBXFileReference; lastKnownFileType = wrapper.xcframework; name = PlasmaB2CTheme.xcframework; path = ../Themes/build/PlasmaB2CTheme.xcframework; sourceTree = "<group>"; };
		8183D87C2EB2A92800610A9A /* PlasmaHomeDSTheme.xcframework */ = {isa = PBXFileReference; lastKnownFileType = wrapper.xcframework; name = PlasmaHomeDSTheme.xcframework; path = ../Themes/build/PlasmaHomeDSTheme.xcframework; sourceTree = "<group>"; };
		8183D87D2EB2A92800610A9A /* SDDSServTheme.xcframework */ = {isa = PBXFileReference; lastKnownFileType = wrapper.xcframework; name = SDDSServTheme.xcframework; path = ../Themes/build/SDDSServTheme.xcframework; sourceTree = "<group>"; };
		8183D87E2EB2A92800610A9A /* StylesSaluteTheme.xcframework */ = {isa = PBXFileReference; lastKnownFileType = wrapper.xcframework; name = StylesSaluteTheme.xcframework; path = ../Themes/build/StylesSaluteTheme.xcframework; sourceTree = "<group>"; };
		8183D88B2EB2A93B00610A9A /* SDDSIcons.xcframework */ = {isa = PBXFileReference; lastKnownFileType = wrapper.xcframework; name = SDDSIcons.xcframework; path = ../build/SDDSIcons.xcframework; sourceTree = "<group>"; };
		8183D88E2EB2A95500610A9A /* SDDSThemeCore.xcframework */ = {isa = PBXFileReference; lastKnownFileType = wrapper.xcframework; name = SDDSThemeCore.xcframework; path = ../SDDSThemeBuilder/build/SDDSThemeCore.xcframework; sourceTree = "<group>"; };
		818FE9462C3C50C800F64958 /* SDDSComponents.xctestplan */ = {isa = PBXFileReference; lastKnownFileType = text; name = SDDSComponents.xctestplan; path = ../../SDDSComponents/SDDSComponentsTests/SDDSComponents.xctestplan; sourceTree = "<group>"; };
		81D2B19A2C32B58900CAA7FD /* SDDSComponents.framework */ = {isa = PBXFileReference; explicitFileType = wrapper.framework; path = SDDSComponents.framework; sourceTree = BUILT_PRODUCTS_DIR; };
		81D2B19D2C32B59900CAA7FD /* SDDSComponents.xcframework */ = {isa = PBXFileReference; lastKnownFileType = wrapper.xcframework; name = SDDSComponents.xcframework; path = ../build/SDDSComponents.xcframework; sourceTree = "<group>"; };
		81DE9CEA2E7BDEC0005D24FE /* ButtonGroupVariationProvider.swift */ = {isa = PBXFileReference; lastKnownFileType = sourcecode.swift; path = ButtonGroupVariationProvider.swift; sourceTree = "<group>"; };
		81DE9CEB2E7BDEC0005D24FE /* ButtonGroupView.swift */ = {isa = PBXFileReference; lastKnownFileType = sourcecode.swift; path = ButtonGroupView.swift; sourceTree = "<group>"; };
		81DE9CEC2E7BDEC0005D24FE /* ButtonGroupViewModel.swift */ = {isa = PBXFileReference; lastKnownFileType = sourcecode.swift; path = ButtonGroupViewModel.swift; sourceTree = "<group>"; };
		81EDCE472DDE489100FDBA5C /* PopoverView.swift */ = {isa = PBXFileReference; lastKnownFileType = sourcecode.swift; path = PopoverView.swift; sourceTree = "<group>"; };
		81EDCE4A2DDE48E000FDBA5C /* PopoverViewModel.swift */ = {isa = PBXFileReference; lastKnownFileType = sourcecode.swift; path = PopoverViewModel.swift; sourceTree = "<group>"; };
		81EDCE4C2DDE48E700FDBA5C /* PopoverVariationProvider.swift */ = {isa = PBXFileReference; lastKnownFileType = sourcecode.swift; path = PopoverVariationProvider.swift; sourceTree = "<group>"; };
		81F2E52C2DF98A9400708B40 /* TextFieldTestCases.swift */ = {isa = PBXFileReference; lastKnownFileType = sourcecode.swift; path = TextFieldTestCases.swift; sourceTree = "<group>"; };
/* End PBXFileReference section */

/* Begin PBXFileSystemSynchronizedBuildFileExceptionSet section */
		81102EF02EB2B575009BF3D0 /* PBXFileSystemSynchronizedBuildFileExceptionSet */ = {
			isa = PBXFileSystemSynchronizedBuildFileExceptionSet;
			membershipExceptions = (
				SDDSDemoApp.swift,
			);
			target = 8183D86C2EB2A91400610A9A /* SDDSDemoAppStatic */;
		};
/* End PBXFileSystemSynchronizedBuildFileExceptionSet section */

/* Begin PBXFileSystemSynchronizedRootGroup section */
		81340B492EC383C500D40423 /* BaseTestCases */ = {isa = PBXFileSystemSynchronizedRootGroup; explicitFileTypes = {}; explicitFolders = (); path = BaseTestCases; sourceTree = "<group>"; };
		8183D8662EB2A8F200610A9A /* App */ = {isa = PBXFileSystemSynchronizedRootGroup; exceptions = (81102EF02EB2B575009BF3D0 /* PBXFileSystemSynchronizedBuildFileExceptionSet */, ); explicitFileTypes = {}; explicitFolders = (); path = App; sourceTree = "<group>"; };
		8183D86E2EB2A91400610A9A /* SDDSDemoAppStatic */ = {isa = PBXFileSystemSynchronizedRootGroup; explicitFileTypes = {}; explicitFolders = (); path = SDDSDemoAppStatic; sourceTree = "<group>"; };
		8183D89A2EB2A98D00610A9A /* Common */ = {isa = PBXFileSystemSynchronizedRootGroup; explicitFileTypes = {}; explicitFolders = (); path = Common; sourceTree = "<group>"; };
		8183D96A2EB2A98D00610A9A /* Views */ = {isa = PBXFileSystemSynchronizedRootGroup; explicitFileTypes = {}; explicitFolders = (); path = Views; sourceTree = "<group>"; };
		D336A7EB2E0AE28700A996FC /* CardTestCase */ = {isa = PBXFileSystemSynchronizedRootGroup; explicitFileTypes = {}; explicitFolders = (); path = CardTestCase; sourceTree = "<group>"; };
		D35F1ACF2E681A42005B8B59 /* TabBarTestCase */ = {isa = PBXFileSystemSynchronizedRootGroup; explicitFileTypes = {}; explicitFolders = (); path = TabBarTestCase; sourceTree = "<group>"; };
		D35F47C72E5701F800B3EC9E /* LoaderTestCase */ = {isa = PBXFileSystemSynchronizedRootGroup; explicitFileTypes = {}; explicitFolders = (); path = LoaderTestCase; sourceTree = "<group>"; };
		D35F766B2E4E32BF00B3EC9E /* ScrollbarTestCase */ = {isa = PBXFileSystemSynchronizedRootGroup; explicitFileTypes = {}; explicitFolders = (); path = ScrollbarTestCase; sourceTree = "<group>"; };
		D35FCCC02E4F1FB600B3EC9E /* CodeFieldTestCase */ = {isa = PBXFileSystemSynchronizedRootGroup; explicitFileTypes = {}; explicitFolders = (); path = CodeFieldTestCase; sourceTree = "<group>"; };
		D36588AF2E72B73800036483 /* CodeInputTestCase */ = {isa = PBXFileSystemSynchronizedRootGroup; explicitFileTypes = {}; explicitFolders = (); path = CodeInputTestCase; sourceTree = "<group>"; };
		D37C09022DE8B32400B76DF2 /* SegmentTestCase */ = {isa = PBXFileSystemSynchronizedRootGroup; explicitFileTypes = {}; explicitFolders = (); path = SegmentTestCase; sourceTree = "<group>"; };
		D3839E792E0E8CD000B6E830 /* ModalTestCase */ = {isa = PBXFileSystemSynchronizedRootGroup; explicitFileTypes = {}; explicitFolders = (); path = ModalTestCase; sourceTree = "<group>"; };
		D3839EB62E0EC44F00B6E830 /* RectSkeletonTestCase */ = {isa = PBXFileSystemSynchronizedRootGroup; explicitFileTypes = {}; explicitFolders = (); path = RectSkeletonTestCase; sourceTree = "<group>"; };
		D3839EC12E0EC6D300B6E830 /* TextSkeletonTestCase */ = {isa = PBXFileSystemSynchronizedRootGroup; explicitFileTypes = {}; explicitFolders = (); path = TextSkeletonTestCase; sourceTree = "<group>"; };
		D383C67C2E292B1700B6E830 /* AccordionTestCase */ = {isa = PBXFileSystemSynchronizedRootGroup; explicitFileTypes = {}; explicitFolders = (); path = AccordionTestCase; sourceTree = "<group>"; };
		D383E6E22E17D02F00B6E830 /* ListTestCase */ = {isa = PBXFileSystemSynchronizedRootGroup; explicitFileTypes = {}; explicitFolders = (); path = ListTestCase; sourceTree = "<group>"; };
		D3AC26AB2EC609900099FE36 /* NoteTestCase */ = {isa = PBXFileSystemSynchronizedRootGroup; explicitFileTypes = {}; explicitFolders = (); path = NoteTestCase; sourceTree = "<group>"; };
		D3AC382A2EC721730099FE36 /* NavigationBarTestCase */ = {isa = PBXFileSystemSynchronizedRootGroup; explicitFileTypes = {}; explicitFolders = (); path = NavigationBarTestCase; sourceTree = "<group>"; };
		D3B8C9E82DAE580600E5FEE6 /* ButtonTestCases */ = {isa = PBXFileSystemSynchronizedRootGroup; explicitFileTypes = {}; explicitFolders = (); path = ButtonTestCases; sourceTree = "<group>"; };
		D3B8C9F32DAF81F300E5FEE6 /* SnapshotTests */ = {isa = PBXFileSystemSynchronizedRootGroup; explicitFileTypes = {}; explicitFolders = (); path = SnapshotTests; sourceTree = "<group>"; };
		D3BB40102E8AA0B900E64F05 /* ButtonGroupTestCase */ = {isa = PBXFileSystemSynchronizedRootGroup; explicitFileTypes = {}; explicitFolders = (); path = ButtonGroupTestCase; sourceTree = "<group>"; };
		D3C163362DD36F59008F37F5 /* ProgressBarTestCase */ = {isa = PBXFileSystemSynchronizedRootGroup; explicitFileTypes = {}; explicitFolders = (); path = ProgressBarTestCase; sourceTree = "<group>"; };
		D3D6C81D2E2E3C9300BC1581 /* SpinnerTestCase */ = {isa = PBXFileSystemSynchronizedRootGroup; explicitFileTypes = {}; explicitFolders = (); path = SpinnerTestCase; sourceTree = "<group>"; };
		D3FEDBF42DB91E96009A2867 /* IndicatorTestCase */ = {isa = PBXFileSystemSynchronizedRootGroup; explicitFileTypes = {}; explicitFolders = (); path = IndicatorTestCase; sourceTree = "<group>"; };
		D3FEDBF82DB91EC7009A2867 /* BadgeTestCase */ = {isa = PBXFileSystemSynchronizedRootGroup; explicitFileTypes = {}; explicitFolders = (); path = BadgeTestCase; sourceTree = "<group>"; };
		D3FEDBFC2DB91EED009A2867 /* CheckBoxTestCase */ = {isa = PBXFileSystemSynchronizedRootGroup; explicitFileTypes = {}; explicitFolders = (); path = CheckBoxTestCase; sourceTree = "<group>"; };
		D3FEDC002DB91F10009A2867 /* ChipTestCase */ = {isa = PBXFileSystemSynchronizedRootGroup; explicitFileTypes = {}; explicitFolders = (); path = ChipTestCase; sourceTree = "<group>"; };
		D3FEDC042DB91F3C009A2867 /* CounterTestCase */ = {isa = PBXFileSystemSynchronizedRootGroup; explicitFileTypes = {}; explicitFolders = (); path = CounterTestCase; sourceTree = "<group>"; };
		D3FEDCE12DB923F3009A2867 /* AvatarTestCase */ = {isa = PBXFileSystemSynchronizedRootGroup; explicitFileTypes = {}; explicitFolders = (); path = AvatarTestCase; sourceTree = "<group>"; };
		D3FEDCE72DB92732009A2867 /* RadioBoxTestCase */ = {isa = PBXFileSystemSynchronizedRootGroup; explicitFileTypes = {}; explicitFolders = (); path = RadioBoxTestCase; sourceTree = "<group>"; };
		D3FEDD122DB92C8D009A2867 /* SwitchTestCase */ = {isa = PBXFileSystemSynchronizedRootGroup; explicitFileTypes = {}; explicitFolders = (); path = SwitchTestCase; sourceTree = "<group>"; };
		D3FEDD312DB9338E009A2867 /* CellTestCase */ = {isa = PBXFileSystemSynchronizedRootGroup; explicitFileTypes = {}; explicitFolders = (); path = CellTestCase; sourceTree = "<group>"; };
/* End PBXFileSystemSynchronizedRootGroup section */

/* Begin PBXFrameworksBuildPhase section */
		24C153FF2BB3020A00963FAA /* Frameworks */ = {
			isa = PBXFrameworksBuildPhase;
			buildActionMask = 2147483647;
			files = (
				69A261FF2D75AF91005E4328 /* SDDSComponents in Frameworks */,
				69A261FE2D75AF91005E4328 /* SDDSComponents in Frameworks */,
				69A261FD2D75AF91005E4328 /* SDDSComponents in Frameworks */,
				69A261FC2D75AF91005E4328 /* SDDSComponents in Frameworks */,
				69A261FB2D75AF91005E4328 /* SDDSComponents in Frameworks */,
				69A261FA2D75AF91005E4328 /* SDDSComponents in Frameworks */,
				8104243D2CFDB83F0009B6E9 /* SDDSServTheme in Frameworks */,
				81CA2C542CC69549002AF2DF /* SDDSComponents in Frameworks */,
				816174E12E38EAE8003C1071 /* PlasmaHomeDSTheme in Frameworks */,
				81A0795F2DA6706500260DC9 /* SDDSComponents in Frameworks */,
				8166B44D2D5C7E6B0044A680 /* PlasmaB2CTheme in Frameworks */,
				816C629E2CB80E2E00352891 /* SDDSComponents in Frameworks */,
				8159F72C2C5CFDCF00622836 /* SDDSThemeCore in Frameworks */,
				8166B46B2D5C7EEA0044A680 /* StylesSaluteTheme in Frameworks */,
				81A079622DA6707100260DC9 /* SDDSThemeCore in Frameworks */,
			);
			runOnlyForDeploymentPostprocessing = 0;
		};
		24C1540F2BB3020B00963FAA /* Frameworks */ = {
			isa = PBXFrameworksBuildPhase;
			buildActionMask = 2147483647;
			files = (
				D3B8C9ED2DAE587300E5FEE6 /* SDSnapshots in Frameworks */,
				8127A0832E0ABD1700B320D1 /* SDSnapshots in Frameworks */,
			);
			runOnlyForDeploymentPostprocessing = 0;
		};
		8183D86A2EB2A91400610A9A /* Frameworks */ = {
			isa = PBXFrameworksBuildPhase;
			buildActionMask = 2147483647;
			files = (
				8183D88F2EB2A95500610A9A /* SDDSThemeCore.xcframework in Frameworks */,
				8183D87F2EB2A92800610A9A /* PlasmaB2CTheme.xcframework in Frameworks */,
				8183D8852EB2A92800610A9A /* StylesSaluteTheme.xcframework in Frameworks */,
				8183D88C2EB2A93B00610A9A /* SDDSIcons.xcframework in Frameworks */,
				8183D8882EB2A93A00610A9A /* SDDSComponents.xcframework in Frameworks */,
				8183D8832EB2A92800610A9A /* SDDSServTheme.xcframework in Frameworks */,
				8183D8812EB2A92800610A9A /* PlasmaHomeDSTheme.xcframework in Frameworks */,
			);
			runOnlyForDeploymentPostprocessing = 0;
		};
/* End PBXFrameworksBuildPhase section */

/* Begin PBXGroup section */
		24C153F92BB3020A00963FAA = {
			isa = PBXGroup;
			children = (
				811170EF2E7B269F0063A7EB /* SDDSDemoAppTests.xctestplan */,
				24C154042BB3020A00963FAA /* SDDSDemoApp */,
				24C154152BB3020B00963FAA /* SDDSDemoAppTests */,
				8183D86E2EB2A91400610A9A /* SDDSDemoAppStatic */,
				24C154032BB3020A00963FAA /* Products */,
				24D212DF2BB45A4B005B717B /* Frameworks */,
				81DEC9CA2DE5EF740035E6A9 /* Recovered References */,
			);
			sourceTree = "<group>";
		};
		24C154032BB3020A00963FAA /* Products */ = {
			isa = PBXGroup;
			children = (
				24C154022BB3020A00963FAA /* SDDSDemoApp.app */,
				24C154122BB3020B00963FAA /* SDDSDemoAppTests.xctest */,
				8183D86D2EB2A91400610A9A /* SDDSDemoAppStatic.app */,
			);
			name = Products;
			sourceTree = "<group>";
		};
		24C154042BB3020A00963FAA /* SDDSDemoApp */ = {
			isa = PBXGroup;
			children = (
				8183D89A2EB2A98D00610A9A /* Common */,
				8183D96A2EB2A98D00610A9A /* Views */,
				8183D8662EB2A8F200610A9A /* App */,
				694C288A2D89BC9A00D7F341 /* Info.plist */,
				24C154092BB3020B00963FAA /* Assets.xcassets */,
				818FE9462C3C50C800F64958 /* SDDSComponents.xctestplan */,
				24C1540B2BB3020B00963FAA /* Preview Content */,
			);
			path = SDDSDemoApp;
			sourceTree = "<group>";
		};
		24C1540B2BB3020B00963FAA /* Preview Content */ = {
			isa = PBXGroup;
			children = (
				24C1540C2BB3020B00963FAA /* Preview Assets.xcassets */,
			);
			path = "Preview Content";
			sourceTree = "<group>";
		};
		24C154152BB3020B00963FAA /* SDDSDemoAppTests */ = {
			isa = PBXGroup;
			children = (
				D3AC26AB2EC609900099FE36 /* NoteTestCase */,
				D3AC382A2EC721730099FE36 /* NavigationBarTestCase */,
				81340B492EC383C500D40423 /* BaseTestCases */,
				D3BB40102E8AA0B900E64F05 /* ButtonGroupTestCase */,
				D36588AF2E72B73800036483 /* CodeInputTestCase */,
				D35F1ACF2E681A42005B8B59 /* TabBarTestCase */,
				D35F47C72E5701F800B3EC9E /* LoaderTestCase */,
				D35FCCC02E4F1FB600B3EC9E /* CodeFieldTestCase */,
				D35F766B2E4E32BF00B3EC9E /* ScrollbarTestCase */,
				D3D6C81D2E2E3C9300BC1581 /* SpinnerTestCase */,
				D383C67C2E292B1700B6E830 /* AccordionTestCase */,
				D383E6E22E17D02F00B6E830 /* ListTestCase */,
				D3839EC12E0EC6D300B6E830 /* TextSkeletonTestCase */,
				D3839EB62E0EC44F00B6E830 /* RectSkeletonTestCase */,
				D3839E792E0E8CD000B6E830 /* ModalTestCase */,
				D336A7EB2E0AE28700A996FC /* CardTestCase */,
				81F2E52D2DF98A9400708B40 /* TextFieldTestCase */,
				D37C09022DE8B32400B76DF2 /* SegmentTestCase */,
				D3C163362DD36F59008F37F5 /* ProgressBarTestCase */,
				D3FEDD312DB9338E009A2867 /* CellTestCase */,
				D3FEDD122DB92C8D009A2867 /* SwitchTestCase */,
				D3FEDCE72DB92732009A2867 /* RadioBoxTestCase */,
				D3FEDCE12DB923F3009A2867 /* AvatarTestCase */,
				D3FEDC042DB91F3C009A2867 /* CounterTestCase */,
				D3FEDC002DB91F10009A2867 /* ChipTestCase */,
				D3FEDBFC2DB91EED009A2867 /* CheckBoxTestCase */,
				D3FEDBF82DB91EC7009A2867 /* BadgeTestCase */,
				D3FEDBF42DB91E96009A2867 /* IndicatorTestCase */,
				D3B8C9F32DAF81F300E5FEE6 /* SnapshotTests */,
				D3B8C9E82DAE580600E5FEE6 /* ButtonTestCases */,
				24C154162BB3020B00963FAA /* PlasmaDemoAppTests.swift */,
			);
			path = SDDSDemoAppTests;
			sourceTree = "<group>";
		};
		24D212DF2BB45A4B005B717B /* Frameworks */ = {
			isa = PBXGroup;
			children = (
				8183D88E2EB2A95500610A9A /* SDDSThemeCore.xcframework */,
				8183D88B2EB2A93B00610A9A /* SDDSIcons.xcframework */,
				8183D87B2EB2A92800610A9A /* PlasmaB2CTheme.xcframework */,
				8183D87C2EB2A92800610A9A /* PlasmaHomeDSTheme.xcframework */,
				8183D87D2EB2A92800610A9A /* SDDSServTheme.xcframework */,
				8183D87E2EB2A92800610A9A /* StylesSaluteTheme.xcframework */,
				817D9F152C370676006C4814 /* SDDSComponents.framework */,
				81D2B19D2C32B59900CAA7FD /* SDDSComponents.xcframework */,
				81D2B19A2C32B58900CAA7FD /* SDDSComponents.framework */,
			);
			name = Frameworks;
			sourceTree = "<group>";
		};
		81DEC9CA2DE5EF740035E6A9 /* Recovered References */ = {
			isa = PBXGroup;
			children = (
				81EDCE472DDE489100FDBA5C /* PopoverView.swift */,
				81EDCE4A2DDE48E000FDBA5C /* PopoverViewModel.swift */,
				81EDCE4C2DDE48E700FDBA5C /* PopoverVariationProvider.swift */,
				81DE9CEC2E7BDEC0005D24FE /* ButtonGroupViewModel.swift */,
				81DE9CEB2E7BDEC0005D24FE /* ButtonGroupView.swift */,
				81DE9CEA2E7BDEC0005D24FE /* ButtonGroupVariationProvider.swift */,
			);
			name = "Recovered References";
			sourceTree = "<group>";
		};
		81F2E52D2DF98A9400708B40 /* TextFieldTestCase */ = {
			isa = PBXGroup;
			children = (
				81F2E52C2DF98A9400708B40 /* TextFieldTestCases.swift */,
			);
			path = TextFieldTestCase;
			sourceTree = "<group>";
		};
/* End PBXGroup section */

/* Begin PBXNativeTarget section */
		24C154012BB3020A00963FAA /* SDDSDemoApp */ = {
			isa = PBXNativeTarget;
			buildConfigurationList = 24C154262BB3020B00963FAA /* Build configuration list for PBXNativeTarget "SDDSDemoApp" */;
			buildPhases = (
				24C153FE2BB3020A00963FAA /* Sources */,
				24C153FF2BB3020A00963FAA /* Frameworks */,
				24C154002BB3020A00963FAA /* Resources */,
				2430DEEA2BB6B33700277123 /* Lint */,
				8101F6E92D78377C004ED8A3 /* Embed Frameworks */,
			);
			buildRules = (
			);
			dependencies = (
			);
			fileSystemSynchronizedGroups = (
				8183D8662EB2A8F200610A9A /* App */,
				8183D89A2EB2A98D00610A9A /* Common */,
				8183D96A2EB2A98D00610A9A /* Views */,
			);
			name = SDDSDemoApp;
			packageProductDependencies = (
				8159F72B2C5CFDCF00622836 /* SDDSThemeCore */,
				8178A7762C74ABDA00DFDA61 /* SDDSComponents */,
				816C62982CB80E0C00352891 /* SDDSComponents */,
				816C629D2CB80E2E00352891 /* SDDSComponents */,
				819A382B2CC6926300A1377F /* SDDSComponents */,
				819A38302CC692BD00A1377F /* SDDSComponents */,
				81CA2C532CC69549002AF2DF /* SDDSComponents */,
				8104243C2CFDB83F0009B6E9 /* SDDSServTheme */,
				8104243F2CFDB8E10009B6E9 /* SDDSComponents */,
				8183456A2CFDBAF30081113B /* SDDSComponents */,
				8166B44C2D5C7E6B0044A680 /* PlasmaB2CTheme */,
				8166B46A2D5C7EEA0044A680 /* StylesSaluteTheme */,
				81A0795E2DA6706500260DC9 /* SDDSComponents */,
				81A079612DA6707100260DC9 /* SDDSThemeCore */,
				816174E02E38EAE8003C1071 /* PlasmaHomeDSTheme */,
			);
			productName = PlasmaDemoApp;
			productReference = 24C154022BB3020A00963FAA /* SDDSDemoApp.app */;
			productType = "com.apple.product-type.application";
		};
		24C154112BB3020B00963FAA /* SDDSDemoAppTests */ = {
			isa = PBXNativeTarget;
			buildConfigurationList = 24C154292BB3020B00963FAA /* Build configuration list for PBXNativeTarget "SDDSDemoAppTests" */;
			buildPhases = (
				24C1540E2BB3020B00963FAA /* Sources */,
				24C1540F2BB3020B00963FAA /* Frameworks */,
				24C154102BB3020B00963FAA /* Resources */,
			);
			buildRules = (
			);
			dependencies = (
				24C154142BB3020B00963FAA /* PBXTargetDependency */,
			);
			fileSystemSynchronizedGroups = (
				81340B492EC383C500D40423 /* BaseTestCases */,
				D336A7EB2E0AE28700A996FC /* CardTestCase */,
				D35F1ACF2E681A42005B8B59 /* TabBarTestCase */,
				D35F47C72E5701F800B3EC9E /* LoaderTestCase */,
				D35F766B2E4E32BF00B3EC9E /* ScrollbarTestCase */,
				D35FCCC02E4F1FB600B3EC9E /* CodeFieldTestCase */,
				D36588AF2E72B73800036483 /* CodeInputTestCase */,
				D37C09022DE8B32400B76DF2 /* SegmentTestCase */,
				D3839E792E0E8CD000B6E830 /* ModalTestCase */,
				D3839EB62E0EC44F00B6E830 /* RectSkeletonTestCase */,
				D3839EC12E0EC6D300B6E830 /* TextSkeletonTestCase */,
				D383C67C2E292B1700B6E830 /* AccordionTestCase */,
				D383E6E22E17D02F00B6E830 /* ListTestCase */,
				D3AC26AB2EC609900099FE36 /* NoteTestCase */,
				D3AC382A2EC721730099FE36 /* NavigationBarTestCase */,
				D3B8C9E82DAE580600E5FEE6 /* ButtonTestCases */,
				D3B8C9F32DAF81F300E5FEE6 /* SnapshotTests */,
				D3BB40102E8AA0B900E64F05 /* ButtonGroupTestCase */,
				D3C163362DD36F59008F37F5 /* ProgressBarTestCase */,
				D3D6C81D2E2E3C9300BC1581 /* SpinnerTestCase */,
				D3FEDBF42DB91E96009A2867 /* IndicatorTestCase */,
				D3FEDBF82DB91EC7009A2867 /* BadgeTestCase */,
				D3FEDBFC2DB91EED009A2867 /* CheckBoxTestCase */,
				D3FEDC002DB91F10009A2867 /* ChipTestCase */,
				D3FEDC042DB91F3C009A2867 /* CounterTestCase */,
				D3FEDCE12DB923F3009A2867 /* AvatarTestCase */,
				D3FEDCE72DB92732009A2867 /* RadioBoxTestCase */,
				D3FEDD122DB92C8D009A2867 /* SwitchTestCase */,
				D3FEDD312DB9338E009A2867 /* CellTestCase */,
			);
			name = SDDSDemoAppTests;
			productName = PlasmaDemoAppTests;
			productReference = 24C154122BB3020B00963FAA /* SDDSDemoAppTests.xctest */;
			productType = "com.apple.product-type.bundle.unit-test";
		};
		8183D86C2EB2A91400610A9A /* SDDSDemoAppStatic */ = {
			isa = PBXNativeTarget;
			buildConfigurationList = 8183D8782EB2A91600610A9A /* Build configuration list for PBXNativeTarget "SDDSDemoAppStatic" */;
			buildPhases = (
				8183D8692EB2A91400610A9A /* Sources */,
				8183D86A2EB2A91400610A9A /* Frameworks */,
				8183D86B2EB2A91400610A9A /* Resources */,
				8183D88A2EB2A93A00610A9A /* Embed Frameworks */,
			);
			buildRules = (
			);
			dependencies = (
			);
			fileSystemSynchronizedGroups = (
				8183D8662EB2A8F200610A9A /* App */,
				8183D86E2EB2A91400610A9A /* SDDSDemoAppStatic */,
				8183D89A2EB2A98D00610A9A /* Common */,
				8183D96A2EB2A98D00610A9A /* Views */,
			);
			name = SDDSDemoAppStatic;
			packageProductDependencies = (
			);
			productName = SDDSDemoAppStatic;
			productReference = 8183D86D2EB2A91400610A9A /* SDDSDemoAppStatic.app */;
			productType = "com.apple.product-type.application";
		};
/* End PBXNativeTarget section */

/* Begin PBXProject section */
		24C153FA2BB3020A00963FAA /* Project object */ = {
			isa = PBXProject;
			attributes = {
				BuildIndependentTargetsInParallel = 1;
				LastSwiftUpdateCheck = 1620;
				LastUpgradeCheck = 1520;
				TargetAttributes = {
					24C154012BB3020A00963FAA = {
						CreatedOnToolsVersion = 15.2;
					};
					24C154112BB3020B00963FAA = {
						CreatedOnToolsVersion = 15.2;
						TestTargetID = 24C154012BB3020A00963FAA;
					};
					818355B12EB2AF4000610A9A = {
						CreatedOnToolsVersion = 16.2;
					};
					8183D86C2EB2A91400610A9A = {
						CreatedOnToolsVersion = 16.2;
					};
				};
			};
			buildConfigurationList = 24C153FD2BB3020A00963FAA /* Build configuration list for PBXProject "SDDSDemoApp" */;
			compatibilityVersion = "Xcode 14.0";
			developmentRegion = en;
			hasScannedForEncodings = 0;
			knownRegions = (
				en,
				Base,
			);
			mainGroup = 24C153F92BB3020A00963FAA;
			packageReferences = (
				8104243B2CFDB83F0009B6E9 /* XCLocalSwiftPackageReference "../Themes/SDDSservTheme" */,
				8166B44B2D5C7E6B0044A680 /* XCLocalSwiftPackageReference "../Themes/PlasmaB2CTheme" */,
				8166B4692D5C7EEA0044A680 /* XCLocalSwiftPackageReference "../Themes/StylesSaluteTheme" */,
				81A0795D2DA6706500260DC9 /* XCLocalSwiftPackageReference "../SDDSComponents" */,
				81A079602DA6707100260DC9 /* XCLocalSwiftPackageReference "../SDDSThemeBuilder/SDDSThemeCore" */,
				8127A0812E0ABD1700B320D1 /* XCRemoteSwiftPackageReference "snapshots-kit-ios" */,
				816174DF2E38EAE8003C1071 /* XCLocalSwiftPackageReference "../Themes/PlasmaHomeDSTheme" */,
			);
			productRefGroup = 24C154032BB3020A00963FAA /* Products */;
			projectDirPath = "";
			projectRoot = "";
			targets = (
				24C154012BB3020A00963FAA /* SDDSDemoApp */,
				24C154112BB3020B00963FAA /* SDDSDemoAppTests */,
				8183D86C2EB2A91400610A9A /* SDDSDemoAppStatic */,
				818355B12EB2AF4000610A9A /* Build Static Dependencies */,
			);
		};
/* End PBXProject section */

/* Begin PBXResourcesBuildPhase section */
		24C154002BB3020A00963FAA /* Resources */ = {
			isa = PBXResourcesBuildPhase;
			buildActionMask = 2147483647;
			files = (
				24C1540A2BB3020B00963FAA /* Assets.xcassets in Resources */,
				24C1540D2BB3020B00963FAA /* Preview Assets.xcassets in Resources */,
			);
			runOnlyForDeploymentPostprocessing = 0;
		};
		24C154102BB3020B00963FAA /* Resources */ = {
			isa = PBXResourcesBuildPhase;
			buildActionMask = 2147483647;
			files = (
			);
			runOnlyForDeploymentPostprocessing = 0;
		};
		8183D86B2EB2A91400610A9A /* Resources */ = {
			isa = PBXResourcesBuildPhase;
			buildActionMask = 2147483647;
			files = (
			);
			runOnlyForDeploymentPostprocessing = 0;
		};
/* End PBXResourcesBuildPhase section */

/* Begin PBXShellScriptBuildPhase section */
		2430DEEA2BB6B33700277123 /* Lint */ = {
			isa = PBXShellScriptBuildPhase;
			buildActionMask = 2147483647;
			files = (
			);
			inputFileListPaths = (
			);
			inputPaths = (
			);
			name = Lint;
			outputFileListPaths = (
			);
			outputPaths = (
			);
			runOnlyForDeploymentPostprocessing = 0;
			shellPath = /bin/sh;
			shellScript = "if [ \"$SKIP_LINT\" == \"YES\" ]; then\n    echo \"Skipping Lint...\"\n    exit 0\nfi\n\n#/bin/sh \"${SRCROOT}/../lint.sh\"\n";
		};
		818355B52EB2AF4C00610A9A /* ShellScript */ = {
			isa = PBXShellScriptBuildPhase;
			buildActionMask = 2147483647;
			files = (
			);
			inputFileListPaths = (
			);
			inputPaths = (
			);
			outputFileListPaths = (
			);
			outputPaths = (
			);
			runOnlyForDeploymentPostprocessing = 0;
			shellPath = /bin/sh;
			shellScript = "\"${SRCROOT}/../scripts/build_all_static_dependencies.sh\"\n";
		};
/* End PBXShellScriptBuildPhase section */

/* Begin PBXSourcesBuildPhase section */
		24C153FE2BB3020A00963FAA /* Sources */ = {
			isa = PBXSourcesBuildPhase;
			buildActionMask = 2147483647;
			files = (
			);
			runOnlyForDeploymentPostprocessing = 0;
		};
		24C1540E2BB3020B00963FAA /* Sources */ = {
			isa = PBXSourcesBuildPhase;
			buildActionMask = 2147483647;
			files = (
				24C154172BB3020B00963FAA /* PlasmaDemoAppTests.swift in Sources */,
				81F2E52E2DF98A9400708B40 /* TextFieldTestCases.swift in Sources */,
			);
			runOnlyForDeploymentPostprocessing = 0;
		};
		8183D8692EB2A91400610A9A /* Sources */ = {
			isa = PBXSourcesBuildPhase;
			buildActionMask = 2147483647;
			files = (
			);
			runOnlyForDeploymentPostprocessing = 0;
		};
/* End PBXSourcesBuildPhase section */

/* Begin PBXTargetDependency section */
		24C154142BB3020B00963FAA /* PBXTargetDependency */ = {
			isa = PBXTargetDependency;
			target = 24C154012BB3020A00963FAA /* SDDSDemoApp */;
			targetProxy = 24C154132BB3020B00963FAA /* PBXContainerItemProxy */;
		};
/* End PBXTargetDependency section */

/* Begin XCBuildConfiguration section */
		24C154242BB3020B00963FAA /* Debug */ = {
			isa = XCBuildConfiguration;
			buildSettings = {
				ALWAYS_SEARCH_USER_PATHS = NO;
				ASSETCATALOG_COMPILER_GENERATE_SWIFT_ASSET_SYMBOL_EXTENSIONS = YES;
				CLANG_ANALYZER_NONNULL = YES;
				CLANG_ANALYZER_NUMBER_OBJECT_CONVERSION = YES_AGGRESSIVE;
				CLANG_CXX_LANGUAGE_STANDARD = "gnu++20";
				CLANG_ENABLE_MODULES = YES;
				CLANG_ENABLE_OBJC_ARC = YES;
				CLANG_ENABLE_OBJC_WEAK = YES;
				CLANG_WARN_BLOCK_CAPTURE_AUTORELEASING = YES;
				CLANG_WARN_BOOL_CONVERSION = YES;
				CLANG_WARN_COMMA = YES;
				CLANG_WARN_CONSTANT_CONVERSION = YES;
				CLANG_WARN_DEPRECATED_OBJC_IMPLEMENTATIONS = YES;
				CLANG_WARN_DIRECT_OBJC_ISA_USAGE = YES_ERROR;
				CLANG_WARN_DOCUMENTATION_COMMENTS = YES;
				CLANG_WARN_EMPTY_BODY = YES;
				CLANG_WARN_ENUM_CONVERSION = YES;
				CLANG_WARN_INFINITE_RECURSION = YES;
				CLANG_WARN_INT_CONVERSION = YES;
				CLANG_WARN_NON_LITERAL_NULL_CONVERSION = YES;
				CLANG_WARN_OBJC_IMPLICIT_RETAIN_SELF = YES;
				CLANG_WARN_OBJC_LITERAL_CONVERSION = YES;
				CLANG_WARN_OBJC_ROOT_CLASS = YES_ERROR;
				CLANG_WARN_QUOTED_INCLUDE_IN_FRAMEWORK_HEADER = YES;
				CLANG_WARN_RANGE_LOOP_ANALYSIS = YES;
				CLANG_WARN_STRICT_PROTOTYPES = YES;
				CLANG_WARN_SUSPICIOUS_MOVE = YES;
				CLANG_WARN_UNGUARDED_AVAILABILITY = YES_AGGRESSIVE;
				CLANG_WARN_UNREACHABLE_CODE = YES;
				CLANG_WARN__DUPLICATE_METHOD_MATCH = YES;
				COPY_PHASE_STRIP = NO;
				DEBUG_INFORMATION_FORMAT = dwarf;
				ENABLE_STRICT_OBJC_MSGSEND = YES;
				ENABLE_TESTABILITY = YES;
				ENABLE_USER_SCRIPT_SANDBOXING = YES;
				GCC_C_LANGUAGE_STANDARD = gnu17;
				GCC_DYNAMIC_NO_PIC = NO;
				GCC_NO_COMMON_BLOCKS = YES;
				GCC_OPTIMIZATION_LEVEL = 0;
				GCC_PREPROCESSOR_DEFINITIONS = (
					"DEBUG=1",
					"$(inherited)",
				);
				GCC_WARN_64_TO_32_BIT_CONVERSION = YES;
				GCC_WARN_ABOUT_RETURN_TYPE = YES_ERROR;
				GCC_WARN_UNDECLARED_SELECTOR = YES;
				GCC_WARN_UNINITIALIZED_AUTOS = YES_AGGRESSIVE;
				GCC_WARN_UNUSED_FUNCTION = YES;
				GCC_WARN_UNUSED_VARIABLE = YES;
				IPHONEOS_DEPLOYMENT_TARGET = 16.0;
				LOCALIZATION_PREFERS_STRING_CATALOGS = YES;
				MTL_ENABLE_DEBUG_INFO = INCLUDE_SOURCE;
				MTL_FAST_MATH = YES;
				ONLY_ACTIVE_ARCH = YES;
				SDKROOT = iphoneos;
				SWIFT_ACTIVE_COMPILATION_CONDITIONS = "DEBUG $(inherited)";
				SWIFT_OPTIMIZATION_LEVEL = "-Onone";
				SWIFT_VERSION = 5.0;
			};
			name = Debug;
		};
		24C154252BB3020B00963FAA /* Release */ = {
			isa = XCBuildConfiguration;
			buildSettings = {
				ALWAYS_SEARCH_USER_PATHS = NO;
				ASSETCATALOG_COMPILER_GENERATE_SWIFT_ASSET_SYMBOL_EXTENSIONS = YES;
				CLANG_ANALYZER_NONNULL = YES;
				CLANG_ANALYZER_NUMBER_OBJECT_CONVERSION = YES_AGGRESSIVE;
				CLANG_CXX_LANGUAGE_STANDARD = "gnu++20";
				CLANG_ENABLE_MODULES = YES;
				CLANG_ENABLE_OBJC_ARC = YES;
				CLANG_ENABLE_OBJC_WEAK = YES;
				CLANG_WARN_BLOCK_CAPTURE_AUTORELEASING = YES;
				CLANG_WARN_BOOL_CONVERSION = YES;
				CLANG_WARN_COMMA = YES;
				CLANG_WARN_CONSTANT_CONVERSION = YES;
				CLANG_WARN_DEPRECATED_OBJC_IMPLEMENTATIONS = YES;
				CLANG_WARN_DIRECT_OBJC_ISA_USAGE = YES_ERROR;
				CLANG_WARN_DOCUMENTATION_COMMENTS = YES;
				CLANG_WARN_EMPTY_BODY = YES;
				CLANG_WARN_ENUM_CONVERSION = YES;
				CLANG_WARN_INFINITE_RECURSION = YES;
				CLANG_WARN_INT_CONVERSION = YES;
				CLANG_WARN_NON_LITERAL_NULL_CONVERSION = YES;
				CLANG_WARN_OBJC_IMPLICIT_RETAIN_SELF = YES;
				CLANG_WARN_OBJC_LITERAL_CONVERSION = YES;
				CLANG_WARN_OBJC_ROOT_CLASS = YES_ERROR;
				CLANG_WARN_QUOTED_INCLUDE_IN_FRAMEWORK_HEADER = YES;
				CLANG_WARN_RANGE_LOOP_ANALYSIS = YES;
				CLANG_WARN_STRICT_PROTOTYPES = YES;
				CLANG_WARN_SUSPICIOUS_MOVE = YES;
				CLANG_WARN_UNGUARDED_AVAILABILITY = YES_AGGRESSIVE;
				CLANG_WARN_UNREACHABLE_CODE = YES;
				CLANG_WARN__DUPLICATE_METHOD_MATCH = YES;
				COPY_PHASE_STRIP = NO;
				DEBUG_INFORMATION_FORMAT = "dwarf-with-dsym";
				ENABLE_NS_ASSERTIONS = NO;
				ENABLE_STRICT_OBJC_MSGSEND = YES;
				ENABLE_USER_SCRIPT_SANDBOXING = YES;
				GCC_C_LANGUAGE_STANDARD = gnu17;
				GCC_NO_COMMON_BLOCKS = YES;
				GCC_WARN_64_TO_32_BIT_CONVERSION = YES;
				GCC_WARN_ABOUT_RETURN_TYPE = YES_ERROR;
				GCC_WARN_UNDECLARED_SELECTOR = YES;
				GCC_WARN_UNINITIALIZED_AUTOS = YES_AGGRESSIVE;
				GCC_WARN_UNUSED_FUNCTION = YES;
				GCC_WARN_UNUSED_VARIABLE = YES;
				IPHONEOS_DEPLOYMENT_TARGET = 16.0;
				LOCALIZATION_PREFERS_STRING_CATALOGS = YES;
				MTL_ENABLE_DEBUG_INFO = NO;
				MTL_FAST_MATH = YES;
				SDKROOT = iphoneos;
				SWIFT_COMPILATION_MODE = wholemodule;
				SWIFT_VERSION = 5.0;
				VALIDATE_PRODUCT = YES;
			};
			name = Release;
		};
		24C154272BB3020B00963FAA /* Debug */ = {
			isa = XCBuildConfiguration;
			buildSettings = {
				ASSETCATALOG_COMPILER_APPICON_NAME = AppIcon;
				ASSETCATALOG_COMPILER_GLOBAL_ACCENT_COLOR_NAME = AccentColor;
				CODE_SIGN_IDENTITY = "Apple Development";
				CODE_SIGN_STYLE = Automatic;
				CURRENT_PROJECT_VERSION = 88;
				DEVELOPMENT_ASSET_PATHS = "\"SDDSDemoApp/Preview Content\"";
				DEVELOPMENT_TEAM = KDMYYG676V;
				ENABLE_PREVIEWS = YES;
				ENABLE_USER_SCRIPT_SANDBOXING = NO;
				GCC_OPTIMIZATION_LEVEL = s;
				GENERATE_INFOPLIST_FILE = YES;
				INFOPLIST_FILE = SDDSDemoApp/Info.plist;
				INFOPLIST_KEY_CFBundleDisplayName = "SDDSDemo 1.0 0 [Dev]";
				INFOPLIST_KEY_UIApplicationSceneManifest_Generation = YES;
				INFOPLIST_KEY_UIApplicationSupportsIndirectInputEvents = YES;
				INFOPLIST_KEY_UILaunchScreen_Generation = YES;
				INFOPLIST_KEY_UISupportedInterfaceOrientations = "UIInterfaceOrientationLandscapeLeft UIInterfaceOrientationLandscapeRight UIInterfaceOrientationPortrait UIInterfaceOrientationPortraitUpsideDown";
				INFOPLIST_KEY_UIUserInterfaceStyle = Automatic;
				IPHONEOS_DEPLOYMENT_TARGET = 16.0;
				LD_RUNPATH_SEARCH_PATHS = (
					"$(inherited)",
					"@executable_path/Frameworks",
				);
				MARKETING_VERSION = 1.6.0;
				PRODUCT_BUNDLE_IDENTIFIER = com.sd.SDDSDemo;
				PRODUCT_NAME = "$(TARGET_NAME)";
				PROVISIONING_PROFILE_SPECIFIER = "";
				SUPPORTED_PLATFORMS = "iphoneos iphonesimulator";
				SUPPORTS_MACCATALYST = NO;
				SUPPORTS_MAC_DESIGNED_FOR_IPHONE_IPAD = NO;
				SUPPORTS_XR_DESIGNED_FOR_IPHONE_IPAD = NO;
				SWIFT_EMIT_LOC_STRINGS = YES;
				SWIFT_VERSION = 5.0;
				TARGETED_DEVICE_FAMILY = "1,2";
				VERSIONING_SYSTEM = "";
			};
			name = Debug;
		};
		24C154282BB3020B00963FAA /* Release */ = {
			isa = XCBuildConfiguration;
			buildSettings = {
				ASSETCATALOG_COMPILER_APPICON_NAME = AppIcon;
				ASSETCATALOG_COMPILER_GLOBAL_ACCENT_COLOR_NAME = AccentColor;
				CODE_SIGN_IDENTITY = "Apple Development";
				CODE_SIGN_STYLE = Automatic;
				CURRENT_PROJECT_VERSION = 88;
				DEVELOPMENT_ASSET_PATHS = "\"SDDSDemoApp/Preview Content\"";
				DEVELOPMENT_TEAM = Y6QKS4Y8B9;
				ENABLE_PREVIEWS = YES;
				ENABLE_USER_SCRIPT_SANDBOXING = NO;
				GCC_OPTIMIZATION_LEVEL = s;
				GENERATE_INFOPLIST_FILE = YES;
				INFOPLIST_FILE = SDDSDemoApp/Info.plist;
				INFOPLIST_KEY_CFBundleDisplayName = "SDDSDemo 1.0 0 [Dev]";
				INFOPLIST_KEY_UIApplicationSceneManifest_Generation = YES;
				INFOPLIST_KEY_UIApplicationSupportsIndirectInputEvents = YES;
				INFOPLIST_KEY_UILaunchScreen_Generation = YES;
				INFOPLIST_KEY_UISupportedInterfaceOrientations = "UIInterfaceOrientationLandscapeLeft UIInterfaceOrientationLandscapeRight UIInterfaceOrientationPortrait UIInterfaceOrientationPortraitUpsideDown";
				INFOPLIST_KEY_UIUserInterfaceStyle = Automatic;
				IPHONEOS_DEPLOYMENT_TARGET = 16.0;
				LD_RUNPATH_SEARCH_PATHS = (
					"$(inherited)",
					"@executable_path/Frameworks",
				);
				MARKETING_VERSION = 1.6.0;
				PRODUCT_BUNDLE_IDENTIFIER = com.vkaltyrin.SDDSDemo;
				PRODUCT_NAME = "$(TARGET_NAME)";
				PROVISIONING_PROFILE_SPECIFIER = "";
				SUPPORTED_PLATFORMS = "iphoneos iphonesimulator";
				SUPPORTS_MACCATALYST = NO;
				SUPPORTS_MAC_DESIGNED_FOR_IPHONE_IPAD = NO;
				SUPPORTS_XR_DESIGNED_FOR_IPHONE_IPAD = NO;
				SWIFT_EMIT_LOC_STRINGS = YES;
				SWIFT_OPTIMIZATION_LEVEL = "-Onone";
				SWIFT_VERSION = 5.0;
				TARGETED_DEVICE_FAMILY = "1,2";
				VERSIONING_SYSTEM = "";
			};
			name = Release;
		};
		24C1542A2BB3020B00963FAA /* Debug */ = {
			isa = XCBuildConfiguration;
			buildSettings = {
				ALWAYS_EMBED_SWIFT_STANDARD_LIBRARIES = YES;
				BUNDLE_LOADER = "$(TEST_HOST)";
				CODE_SIGN_STYLE = Automatic;
				CURRENT_PROJECT_VERSION = 0;
				DEVELOPMENT_TEAM = KDMYYG676V;
				GENERATE_INFOPLIST_FILE = YES;
				IPHONEOS_DEPLOYMENT_TARGET = 17.2;
				MARKETING_VERSION = 1.6.0;
				PRODUCT_BUNDLE_IDENTIFIER = com.sd.SDDSDemoAppTests;
				PRODUCT_NAME = "$(TARGET_NAME)";
				SWIFT_EMIT_LOC_STRINGS = NO;
				SWIFT_VERSION = 5.0;
				TARGETED_DEVICE_FAMILY = "1,2";
				TEST_HOST = "$(BUILT_PRODUCTS_DIR)/SDDSDemoApp.app/$(BUNDLE_EXECUTABLE_FOLDER_PATH)/SDDSDemoApp";
			};
			name = Debug;
		};
		24C1542B2BB3020B00963FAA /* Release */ = {
			isa = XCBuildConfiguration;
			buildSettings = {
				ALWAYS_EMBED_SWIFT_STANDARD_LIBRARIES = YES;
				BUNDLE_LOADER = "$(TEST_HOST)";
				CODE_SIGN_STYLE = Automatic;
				CURRENT_PROJECT_VERSION = 0;
				DEVELOPMENT_TEAM = KDMYYG676V;
				GENERATE_INFOPLIST_FILE = YES;
				IPHONEOS_DEPLOYMENT_TARGET = 17.2;
				MARKETING_VERSION = 1.6.0;
				PRODUCT_BUNDLE_IDENTIFIER = com.sd.SDDSDemoAppTests;
				PRODUCT_NAME = "$(TARGET_NAME)";
				SWIFT_EMIT_LOC_STRINGS = NO;
				SWIFT_VERSION = 5.0;
				TARGETED_DEVICE_FAMILY = "1,2";
				TEST_HOST = "$(BUILT_PRODUCTS_DIR)/SDDSDemoApp.app/$(BUNDLE_EXECUTABLE_FOLDER_PATH)/SDDSDemoApp";
			};
			name = Release;
		};
		818355B32EB2AF4000610A9A /* Debug */ = {
			isa = XCBuildConfiguration;
			buildSettings = {
				CODE_SIGN_STYLE = Automatic;
				DEVELOPMENT_TEAM = KDMYYG676V;
				ENABLE_USER_SCRIPT_SANDBOXING = NO;
				PRODUCT_NAME = "$(TARGET_NAME)";
			};
			name = Debug;
		};
		818355B42EB2AF4000610A9A /* Release */ = {
			isa = XCBuildConfiguration;
			buildSettings = {
				CODE_SIGN_STYLE = Automatic;
				DEVELOPMENT_TEAM = KDMYYG676V;
				ENABLE_USER_SCRIPT_SANDBOXING = NO;
				PRODUCT_NAME = "$(TARGET_NAME)";
			};
			name = Release;
		};
		8183D8792EB2A91600610A9A /* Debug */ = {
			isa = XCBuildConfiguration;
			buildSettings = {
				ASSETCATALOG_COMPILER_APPICON_NAME = AppIcon;
				ASSETCATALOG_COMPILER_GLOBAL_ACCENT_COLOR_NAME = AccentColor;
				CODE_SIGN_STYLE = Automatic;
				CURRENT_PROJECT_VERSION = 1;
				DEVELOPMENT_ASSET_PATHS = "\"SDDSDemoAppStatic/Preview Content\"";
				DEVELOPMENT_TEAM = KDMYYG676V;
				ENABLE_PREVIEWS = YES;
				GENERATE_INFOPLIST_FILE = YES;
				INFOPLIST_KEY_UIApplicationSceneManifest_Generation = YES;
				INFOPLIST_KEY_UIApplicationSupportsIndirectInputEvents = YES;
				INFOPLIST_KEY_UILaunchScreen_Generation = YES;
				INFOPLIST_KEY_UISupportedInterfaceOrientations_iPad = "UIInterfaceOrientationPortrait UIInterfaceOrientationPortraitUpsideDown UIInterfaceOrientationLandscapeLeft UIInterfaceOrientationLandscapeRight";
				INFOPLIST_KEY_UISupportedInterfaceOrientations_iPhone = "UIInterfaceOrientationPortrait UIInterfaceOrientationLandscapeLeft UIInterfaceOrientationLandscapeRight";
				IPHONEOS_DEPLOYMENT_TARGET = 18.2;
				LD_RUNPATH_SEARCH_PATHS = (
					"$(inherited)",
					"@executable_path/Frameworks",
				);
				MARKETING_VERSION = 1.1.0;
				PRODUCT_BUNDLE_IDENTIFIER = com.sdds.SDDSDemoAppStatic;
				PRODUCT_NAME = "$(TARGET_NAME)";
				SWIFT_EMIT_LOC_STRINGS = YES;
				SWIFT_VERSION = 5.0;
				TARGETED_DEVICE_FAMILY = "1,2";
			};
			name = Debug;
		};
		8183D87A2EB2A91600610A9A /* Release */ = {
			isa = XCBuildConfiguration;
			buildSettings = {
				ASSETCATALOG_COMPILER_APPICON_NAME = AppIcon;
				ASSETCATALOG_COMPILER_GLOBAL_ACCENT_COLOR_NAME = AccentColor;
				CODE_SIGN_STYLE = Automatic;
				CURRENT_PROJECT_VERSION = 1;
				DEVELOPMENT_ASSET_PATHS = "\"SDDSDemoAppStatic/Preview Content\"";
				DEVELOPMENT_TEAM = KDMYYG676V;
				ENABLE_PREVIEWS = YES;
				GENERATE_INFOPLIST_FILE = YES;
				INFOPLIST_KEY_UIApplicationSceneManifest_Generation = YES;
				INFOPLIST_KEY_UIApplicationSupportsIndirectInputEvents = YES;
				INFOPLIST_KEY_UILaunchScreen_Generation = YES;
				INFOPLIST_KEY_UISupportedInterfaceOrientations_iPad = "UIInterfaceOrientationPortrait UIInterfaceOrientationPortraitUpsideDown UIInterfaceOrientationLandscapeLeft UIInterfaceOrientationLandscapeRight";
				INFOPLIST_KEY_UISupportedInterfaceOrientations_iPhone = "UIInterfaceOrientationPortrait UIInterfaceOrientationLandscapeLeft UIInterfaceOrientationLandscapeRight";
				IPHONEOS_DEPLOYMENT_TARGET = 18.2;
				LD_RUNPATH_SEARCH_PATHS = (
					"$(inherited)",
					"@executable_path/Frameworks",
				);
				MARKETING_VERSION = 1.1.0;
				PRODUCT_BUNDLE_IDENTIFIER = com.sdds.SDDSDemoAppStatic;
				PRODUCT_NAME = "$(TARGET_NAME)";
				SWIFT_EMIT_LOC_STRINGS = YES;
				SWIFT_VERSION = 5.0;
				TARGETED_DEVICE_FAMILY = "1,2";
			};
			name = Release;
		};
/* End XCBuildConfiguration section */

/* Begin XCConfigurationList section */
		24C153FD2BB3020A00963FAA /* Build configuration list for PBXProject "SDDSDemoApp" */ = {
			isa = XCConfigurationList;
			buildConfigurations = (
				24C154242BB3020B00963FAA /* Debug */,
				24C154252BB3020B00963FAA /* Release */,
			);
			defaultConfigurationIsVisible = 0;
			defaultConfigurationName = Release;
		};
		24C154262BB3020B00963FAA /* Build configuration list for PBXNativeTarget "SDDSDemoApp" */ = {
			isa = XCConfigurationList;
			buildConfigurations = (
				24C154272BB3020B00963FAA /* Debug */,
				24C154282BB3020B00963FAA /* Release */,
			);
			defaultConfigurationIsVisible = 0;
			defaultConfigurationName = Release;
		};
		24C154292BB3020B00963FAA /* Build configuration list for PBXNativeTarget "SDDSDemoAppTests" */ = {
			isa = XCConfigurationList;
			buildConfigurations = (
				24C1542A2BB3020B00963FAA /* Debug */,
				24C1542B2BB3020B00963FAA /* Release */,
			);
			defaultConfigurationIsVisible = 0;
			defaultConfigurationName = Release;
		};
		818355B22EB2AF4000610A9A /* Build configuration list for PBXAggregateTarget "Build Static Dependencies" */ = {
			isa = XCConfigurationList;
			buildConfigurations = (
				818355B32EB2AF4000610A9A /* Debug */,
				818355B42EB2AF4000610A9A /* Release */,
			);
			defaultConfigurationIsVisible = 0;
			defaultConfigurationName = Release;
		};
		8183D8782EB2A91600610A9A /* Build configuration list for PBXNativeTarget "SDDSDemoAppStatic" */ = {
			isa = XCConfigurationList;
			buildConfigurations = (
				8183D8792EB2A91600610A9A /* Debug */,
				8183D87A2EB2A91600610A9A /* Release */,
			);
			defaultConfigurationIsVisible = 0;
			defaultConfigurationName = Release;
		};
/* End XCConfigurationList section */

/* Begin XCLocalSwiftPackageReference section */
		8104243B2CFDB83F0009B6E9 /* XCLocalSwiftPackageReference "../Themes/SDDSservTheme" */ = {
			isa = XCLocalSwiftPackageReference;
			relativePath = ../Themes/SDDSservTheme;
		};
		816174DF2E38EAE8003C1071 /* XCLocalSwiftPackageReference "../Themes/PlasmaHomeDSTheme" */ = {
			isa = XCLocalSwiftPackageReference;
			relativePath = ../Themes/PlasmaHomeDSTheme;
		};
		8166B44B2D5C7E6B0044A680 /* XCLocalSwiftPackageReference "../Themes/PlasmaB2CTheme" */ = {
			isa = XCLocalSwiftPackageReference;
			relativePath = ../Themes/PlasmaB2CTheme;
		};
		8166B4692D5C7EEA0044A680 /* XCLocalSwiftPackageReference "../Themes/StylesSaluteTheme" */ = {
			isa = XCLocalSwiftPackageReference;
			relativePath = ../Themes/StylesSaluteTheme;
		};
		81A0795D2DA6706500260DC9 /* XCLocalSwiftPackageReference "../SDDSComponents" */ = {
			isa = XCLocalSwiftPackageReference;
			relativePath = ../SDDSComponents;
		};
		81A079602DA6707100260DC9 /* XCLocalSwiftPackageReference "../SDDSThemeBuilder/SDDSThemeCore" */ = {
			isa = XCLocalSwiftPackageReference;
			relativePath = ../SDDSThemeBuilder/SDDSThemeCore;
		};
/* End XCLocalSwiftPackageReference section */

/* Begin XCRemoteSwiftPackageReference section */
		8127A0812E0ABD1700B320D1 /* XCRemoteSwiftPackageReference "snapshots-kit-ios" */ = {
			isa = XCRemoteSwiftPackageReference;
			repositoryURL = "https://github.com/salute-developers/snapshots-kit-ios";
			requirement = {
				kind = upToNextMajorVersion;
				minimumVersion = 1.0.0;
			};
		};
		D3B8C9E72DAE2FA500E5FEE6 /* XCRemoteSwiftPackageReference "snapshots-kit-ios" */ = {
			isa = XCRemoteSwiftPackageReference;
			repositoryURL = "https://github.com/salute-developers/snapshots-kit-ios";
			requirement = {
				kind = upToNextMajorVersion;
				minimumVersion = 1.0.0;
			};
		};
/* End XCRemoteSwiftPackageReference section */

/* Begin XCSwiftPackageProductDependency section */
		8104243C2CFDB83F0009B6E9 /* SDDSServTheme */ = {
			isa = XCSwiftPackageProductDependency;
			productName = SDDSServTheme;
		};
		8104243F2CFDB8E10009B6E9 /* SDDSComponents */ = {
			isa = XCSwiftPackageProductDependency;
			productName = SDDSComponents;
		};
		8127A0822E0ABD1700B320D1 /* SDSnapshots */ = {
			isa = XCSwiftPackageProductDependency;
			package = 8127A0812E0ABD1700B320D1 /* XCRemoteSwiftPackageReference "snapshots-kit-ios" */;
			productName = SDSnapshots;
		};
		8159F72B2C5CFDCF00622836 /* SDDSThemeCore */ = {
			isa = XCSwiftPackageProductDependency;
			productName = SDDSThemeCore;
		};
		816174E02E38EAE8003C1071 /* PlasmaHomeDSTheme */ = {
			isa = XCSwiftPackageProductDependency;
			productName = PlasmaHomeDSTheme;
		};
		8166B44C2D5C7E6B0044A680 /* PlasmaB2CTheme */ = {
			isa = XCSwiftPackageProductDependency;
			productName = PlasmaB2CTheme;
		};
		8166B46A2D5C7EEA0044A680 /* StylesSaluteTheme */ = {
			isa = XCSwiftPackageProductDependency;
			productName = StylesSaluteTheme;
		};
		816C62982CB80E0C00352891 /* SDDSComponents */ = {
			isa = XCSwiftPackageProductDependency;
			productName = SDDSComponents;
		};
		816C629D2CB80E2E00352891 /* SDDSComponents */ = {
			isa = XCSwiftPackageProductDependency;
			productName = SDDSComponents;
		};
		8178A7762C74ABDA00DFDA61 /* SDDSComponents */ = {
			isa = XCSwiftPackageProductDependency;
			productName = SDDSComponents;
		};
		8183456A2CFDBAF30081113B /* SDDSComponents */ = {
			isa = XCSwiftPackageProductDependency;
			productName = SDDSComponents;
		};
		819A382B2CC6926300A1377F /* SDDSComponents */ = {
			isa = XCSwiftPackageProductDependency;
			productName = SDDSComponents;
		};
		819A38302CC692BD00A1377F /* SDDSComponents */ = {
			isa = XCSwiftPackageProductDependency;
			productName = SDDSComponents;
		};
		81A0795E2DA6706500260DC9 /* SDDSComponents */ = {
			isa = XCSwiftPackageProductDependency;
			productName = SDDSComponents;
		};
		81A079612DA6707100260DC9 /* SDDSThemeCore */ = {
			isa = XCSwiftPackageProductDependency;
			productName = SDDSThemeCore;
		};
		81CA2C532CC69549002AF2DF /* SDDSComponents */ = {
			isa = XCSwiftPackageProductDependency;
			productName = SDDSComponents;
		};
		D3B8C9EC2DAE587300E5FEE6 /* SDSnapshots */ = {
			isa = XCSwiftPackageProductDependency;
			package = D3B8C9E72DAE2FA500E5FEE6 /* XCRemoteSwiftPackageReference "snapshots-kit-ios" */;
			productName = SDSnapshots;
		};
/* End XCSwiftPackageProductDependency section */
	};
	rootObject = 24C153FA2BB3020A00963FAA /* Project object */;
}
